
Microsoft Visual Studio Solution File, Format Version 12.00
# Visual Studio Version 17
VisualStudioVersion = 17.14.36623.8 d17.14
MinimumVisualStudioVersion = 10.0.40219.1
Project("{FAE04EC0-301F-11D3-BF4B-00C04F79EFBC}") = "PCAdminApp", "PCAdminApp\PCAdminApp.csproj", "{B2166838-2CF0-48FF-BED5-4FA0E977964E}"
EndProject
Global
	GlobalSection(SolutionConfigurationPlatforms) = preSolution
		Debug|Any CPU = Debug|Any CPU
		Release|Any CPU = Release|Any CPU
	EndGlobalSection
	GlobalSection(ProjectConfigurationPlatforms) = postSolution
		{B2166838-2CF0-48FF-BED5-4FA0E977964E}.Debug|Any CPU.ActiveCfg = Debug|Any CPU
		{B2166838-2CF0-48FF-BED5-4FA0E977964E}.Debug|Any CPU.Build.0 = Debug|Any CPU
		{B2166838-2CF0-48FF-BED5-4FA0E977964E}.Release|Any CPU.ActiveCfg = Release|Any CPU
		{B2166838-2CF0-48FF-BED5-4FA0E977964E}.Release|Any CPU.Build.0 = Release|Any CPU
	EndGlobalSection
	GlobalSection(SolutionProperties) = preSolution
		HideSolutionNode = FALSE
	EndGlobalSection
	GlobalSection(ExtensibilityGlobals) = postSolution
		SolutionGuid = {B583992B-98C2-4A54-A1A5-CB759B166F7C}
	EndGlobalSection
EndGlobal
